// !$*UTF8*$!
{
	archiveVersion = 1;
	classes = {
	};
	objectVersion = 46;
	objects = {

/* Begin PBXBuildFile section */
		D5380D6B1AEA99F6004BCD90 /* main.m in Sources */ = {isa = PBXBuildFile; fileRef = D5380D6A1AEA99F6004BCD90 /* main.m */; };
		D5380D6E1AEA99F6004BCD90 /* AppDelegate.m in Sources */ = {isa = PBXBuildFile; fileRef = D5380D6D1AEA99F6004BCD90 /* AppDelegate.m */; };
		D5380D711AEA99F6004BCD90 /* ViewController.m in Sources */ = {isa = PBXBuildFile; fileRef = D5380D701AEA99F6004BCD90 /* ViewController.m */; };
		D5380D741AEA99F6004BCD90 /* Main.storyboard in Resources */ = {isa = PBXBuildFile; fileRef = D5380D721AEA99F6004BCD90 /* Main.storyboard */; };
		D5380D761AEA99F6004BCD90 /* Images.xcassets in Resources */ = {isa = PBXBuildFile; fileRef = D5380D751AEA99F6004BCD90 /* Images.xcassets */; };
		D5380D791AEA99F6004BCD90 /* LaunchScreen.xib in Resources */ = {isa = PBXBuildFile; fileRef = D5380D771AEA99F6004BCD90 /* LaunchScreen.xib */; };
		D5380D851AEA99F6004BCD90 /* class_timetableTests.m in Sources */ = {isa = PBXBuildFile; fileRef = D5380D841AEA99F6004BCD90 /* class_timetableTests.m */; };
		D5380D8F1AEA9A9D004BCD90 /* QuartzCore.framework in Frameworks */ = {isa = PBXBuildFile; fileRef = D5380D8E1AEA9A9D004BCD90 /* QuartzCore.framework */; };
		D5380D931AEA9ADB004BCD90 /* iCarousel.m in Sources */ = {isa = PBXBuildFile; fileRef = D5380D921AEA9ADB004BCD90 /* iCarousel.m */; };
		D5380D9F1AEA9B67004BCD90 /* DayClassTableViewCell.m in Sources */ = {isa = PBXBuildFile; fileRef = D5380D971AEA9B67004BCD90 /* DayClassTableViewCell.m */; };
		D5380DA01AEA9B67004BCD90 /* DayClassTableViewCell.xib in Resources */ = {isa = PBXBuildFile; fileRef = D5380D981AEA9B67004BCD90 /* DayClassTableViewCell.xib */; };
		D5380DA11AEA9B67004BCD90 /* NightClassTableViewCell.m in Sources */ = {isa = PBXBuildFile; fileRef = D5380D9A1AEA9B67004BCD90 /* NightClassTableViewCell.m */; };
		D5380DA21AEA9B67004BCD90 /* NightClassTableViewCell.xib in Resources */ = {isa = PBXBuildFile; fileRef = D5380D9B1AEA9B67004BCD90 /* NightClassTableViewCell.xib */; };
		D5380DA31AEA9B67004BCD90 /* OldClassTable.xib in Resources */ = {isa = PBXBuildFile; fileRef = D5380D9C1AEA9B67004BCD90 /* OldClassTable.xib */; };
		D5380DA41AEA9B67004BCD90 /* OldClassTableView.m in Sources */ = {isa = PBXBuildFile; fileRef = D5380D9E1AEA9B67004BCD90 /* OldClassTableView.m */; };
		D5380DA81AEA9B9A004BCD90 /* DayCourse.m in Sources */ = {isa = PBXBuildFile; fileRef = D5380DA71AEA9B9A004BCD90 /* DayCourse.m */; };
		D5380DBA1AEA9C1E004BCD90 /* MJRefresh.bundle in Resources */ = {isa = PBXBuildFile; fileRef = D5380DAA1AEA9C1E004BCD90 /* MJRefresh.bundle */; };
		D5380DBB1AEA9C1E004BCD90 /* MJRefreshBaseView.m in Sources */ = {isa = PBXBuildFile; fileRef = D5380DAD1AEA9C1E004BCD90 /* MJRefreshBaseView.m */; };
		D5380DBC1AEA9C1E004BCD90 /* MJRefreshConst.m in Sources */ = {isa = PBXBuildFile; fileRef = D5380DAF1AEA9C1E004BCD90 /* MJRefreshConst.m */; };
		D5380DBD1AEA9C1E004BCD90 /* MJRefreshFooterView.m in Sources */ = {isa = PBXBuildFile; fileRef = D5380DB11AEA9C1E004BCD90 /* MJRefreshFooterView.m */; };
		D5380DBE1AEA9C1E004BCD90 /* MJRefreshHeaderView.m in Sources */ = {isa = PBXBuildFile; fileRef = D5380DB31AEA9C1E004BCD90 /* MJRefreshHeaderView.m */; };
		D5380DBF1AEA9C1E004BCD90 /* UIScrollView+MJExtension.m in Sources */ = {isa = PBXBuildFile; fileRef = D5380DB51AEA9C1E004BCD90 /* UIScrollView+MJExtension.m */; };
		D5380DC01AEA9C1E004BCD90 /* UIScrollView+MJRefresh.m in Sources */ = {isa = PBXBuildFile; fileRef = D5380DB71AEA9C1E004BCD90 /* UIScrollView+MJRefresh.m */; };
		D5380DC11AEA9C1E004BCD90 /* UIView+MJExtension.m in Sources */ = {isa = PBXBuildFile; fileRef = D5380DB91AEA9C1E004BCD90 /* UIView+MJExtension.m */; };
		D5380DCF1AEA9D2B004BCD90 /* LJDeviceTool.m in Sources */ = {isa = PBXBuildFile; fileRef = D5380DC51AEA9D2B004BCD90 /* LJDeviceTool.m */; };
		D5380DD01AEA9D2B004BCD90 /* LJFileTool.m in Sources */ = {isa = PBXBuildFile; fileRef = D5380DC71AEA9D2B004BCD90 /* LJFileTool.m */; };
		D5380DD11AEA9D2B004BCD90 /* LJHTTPTool.m in Sources */ = {isa = PBXBuildFile; fileRef = D5380DC91AEA9D2B004BCD90 /* LJHTTPTool.m */; };
		D5380DD21AEA9D2B004BCD90 /* LJTimeTool.m in Sources */ = {isa = PBXBuildFile; fileRef = D5380DCB1AEA9D2B004BCD90 /* LJTimeTool.m */; };
		D5380DD31AEA9D2B004BCD90 /* LJUITool.m in Sources */ = {isa = PBXBuildFile; fileRef = D5380DCE1AEA9D2B004BCD90 /* LJUITool.m */; };
		D5380DD51AEA9D9F004BCD90 /* courses.plist in Resources */ = {isa = PBXBuildFile; fileRef = D5380DD41AEA9D9F004BCD90 /* courses.plist */; };
		D5380DDC1AEA9EFA004BCD90 /* MBProgressHUD+LJ.m in Sources */ = {isa = PBXBuildFile; fileRef = D5380DD81AEA9EFA004BCD90 /* MBProgressHUD+LJ.m */; };
		D5380DDD1AEA9EFA004BCD90 /* MBProgressHUD.bundle in Resources */ = {isa = PBXBuildFile; fileRef = D5380DD91AEA9EFA004BCD90 /* MBProgressHUD.bundle */; };
		D5380DDE1AEA9EFA004BCD90 /* MBProgressHUD.m in Sources */ = {isa = PBXBuildFile; fileRef = D5380DDB1AEA9EFA004BCD90 /* MBProgressHUD.m */; };
		D5380DF31AEA9F96004BCD90 /* AFHTTPRequestOperation.m in Sources */ = {isa = PBXBuildFile; fileRef = D5380DE11AEA9F96004BCD90 /* AFHTTPRequestOperation.m */; };
		D5380DF41AEA9F96004BCD90 /* AFHTTPRequestOperationManager.m in Sources */ = {isa = PBXBuildFile; fileRef = D5380DE31AEA9F96004BCD90 /* AFHTTPRequestOperationManager.m */; };
		D5380DF51AEA9F96004BCD90 /* AFHTTPSessionManager.m in Sources */ = {isa = PBXBuildFile; fileRef = D5380DE51AEA9F96004BCD90 /* AFHTTPSessionManager.m */; };
		D5380DF61AEA9F96004BCD90 /* AFNetworkReachabilityManager.m in Sources */ = {isa = PBXBuildFile; fileRef = D5380DE81AEA9F96004BCD90 /* AFNetworkReachabilityManager.m */; };
		D5380DF71AEA9F96004BCD90 /* AFSecurityPolicy.m in Sources */ = {isa = PBXBuildFile; fileRef = D5380DEA1AEA9F96004BCD90 /* AFSecurityPolicy.m */; };
		D5380DF81AEA9F96004BCD90 /* AFURLConnectionOperation.m in Sources */ = {isa = PBXBuildFile; fileRef = D5380DEC1AEA9F96004BCD90 /* AFURLConnectionOperation.m */; };
		D5380DF91AEA9F96004BCD90 /* AFURLRequestSerialization.m in Sources */ = {isa = PBXBuildFile; fileRef = D5380DEE1AEA9F96004BCD90 /* AFURLRequestSerialization.m */; };
		D5380DFA1AEA9F96004BCD90 /* AFURLResponseSerialization.m in Sources */ = {isa = PBXBuildFile; fileRef = D5380DF01AEA9F96004BCD90 /* AFURLResponseSerialization.m */; };
		D5380DFB1AEA9F96004BCD90 /* AFURLSessionManager.m in Sources */ = {isa = PBXBuildFile; fileRef = D5380DF21AEA9F96004BCD90 /* AFURLSessionManager.m */; };
/* End PBXBuildFile section */

/* Begin PBXContainerItemProxy section */
		D5380D7F1AEA99F6004BCD90 /* PBXContainerItemProxy */ = {
			isa = PBXContainerItemProxy;
			containerPortal = D5380D5D1AEA99F6004BCD90 /* Project object */;
			proxyType = 1;
			remoteGlobalIDString = D5380D641AEA99F6004BCD90;
			remoteInfo = "class-timetable";
		};
/* End PBXContainerItemProxy section */

/* Begin PBXFileReference section */
		D5380D651AEA99F6004BCD90 /* class-timetable.app */ = {isa = PBXFileReference; explicitFileType = wrapper.application; includeInIndex = 0; path = "class-timetable.app"; sourceTree = BUILT_PRODUCTS_DIR; };
		D5380D691AEA99F6004BCD90 /* Info.plist */ = {isa = PBXFileReference; lastKnownFileType = text.plist.xml; path = Info.plist; sourceTree = "<group>"; };
		D5380D6A1AEA99F6004BCD90 /* main.m */ = {isa = PBXFileReference; lastKnownFileType = sourcecode.c.objc; path = main.m; sourceTree = "<group>"; };
		D5380D6C1AEA99F6004BCD90 /* AppDelegate.h */ = {isa = PBXFileReference; lastKnownFileType = sourcecode.c.h; path = AppDelegate.h; sourceTree = "<group>"; };
		D5380D6D1AEA99F6004BCD90 /* AppDelegate.m */ = {isa = PBXFileReference; lastKnownFileType = sourcecode.c.objc; path = AppDelegate.m; sourceTree = "<group>"; };
		D5380D6F1AEA99F6004BCD90 /* ViewController.h */ = {isa = PBXFileReference; lastKnownFileType = sourcecode.c.h; path = ViewController.h; sourceTree = "<group>"; };
		D5380D701AEA99F6004BCD90 /* ViewController.m */ = {isa = PBXFileReference; lastKnownFileType = sourcecode.c.objc; path = ViewController.m; sourceTree = "<group>"; };
		D5380D731AEA99F6004BCD90 /* Base */ = {isa = PBXFileReference; lastKnownFileType = file.storyboard; name = Base; path = Base.lproj/Main.storyboard; sourceTree = "<group>"; };
		D5380D751AEA99F6004BCD90 /* Images.xcassets */ = {isa = PBXFileReference; lastKnownFileType = folder.assetcatalog; path = Images.xcassets; sourceTree = "<group>"; };
		D5380D781AEA99F6004BCD90 /* Base */ = {isa = PBXFileReference; lastKnownFileType = file.xib; name = Base; path = Base.lproj/LaunchScreen.xib; sourceTree = "<group>"; };
		D5380D7E1AEA99F6004BCD90 /* class-timetableTests.xctest */ = {isa = PBXFileReference; explicitFileType = wrapper.cfbundle; includeInIndex = 0; path = "class-timetableTests.xctest"; sourceTree = BUILT_PRODUCTS_DIR; };
		D5380D831AEA99F6004BCD90 /* Info.plist */ = {isa = PBXFileReference; lastKnownFileType = text.plist.xml; path = Info.plist; sourceTree = "<group>"; };
		D5380D841AEA99F6004BCD90 /* class_timetableTests.m */ = {isa = PBXFileReference; lastKnownFileType = sourcecode.c.objc; path = class_timetableTests.m; sourceTree = "<group>"; };
		D5380D8E1AEA9A9D004BCD90 /* QuartzCore.framework */ = {isa = PBXFileReference; lastKnownFileType = wrapper.framework; name = QuartzCore.framework; path = System/Library/Frameworks/QuartzCore.framework; sourceTree = SDKROOT; };
		D5380D911AEA9ADB004BCD90 /* iCarousel.h */ = {isa = PBXFileReference; fileEncoding = 4; lastKnownFileType = sourcecode.c.h; path = iCarousel.h; sourceTree = "<group>"; };
		D5380D921AEA9ADB004BCD90 /* iCarousel.m */ = {isa = PBXFileReference; fileEncoding = 4; lastKnownFileType = sourcecode.c.objc; path = iCarousel.m; sourceTree = "<group>"; };
		D5380D961AEA9B67004BCD90 /* DayClassTableViewCell.h */ = {isa = PBXFileReference; fileEncoding = 4; lastKnownFileType = sourcecode.c.h; path = DayClassTableViewCell.h; sourceTree = "<group>"; };
		D5380D971AEA9B67004BCD90 /* DayClassTableViewCell.m */ = {isa = PBXFileReference; fileEncoding = 4; lastKnownFileType = sourcecode.c.objc; path = DayClassTableViewCell.m; sourceTree = "<group>"; };
		D5380D981AEA9B67004BCD90 /* DayClassTableViewCell.xib */ = {isa = PBXFileReference; fileEncoding = 4; lastKnownFileType = file.xib; path = DayClassTableViewCell.xib; sourceTree = "<group>"; };
		D5380D991AEA9B67004BCD90 /* NightClassTableViewCell.h */ = {isa = PBXFileReference; fileEncoding = 4; lastKnownFileType = sourcecode.c.h; path = NightClassTableViewCell.h; sourceTree = "<group>"; };
		D5380D9A1AEA9B67004BCD90 /* NightClassTableViewCell.m */ = {isa = PBXFileReference; fileEncoding = 4; lastKnownFileType = sourcecode.c.objc; path = NightClassTableViewCell.m; sourceTree = "<group>"; };
		D5380D9B1AEA9B67004BCD90 /* NightClassTableViewCell.xib */ = {isa = PBXFileReference; fileEncoding = 4; lastKnownFileType = file.xib; path = NightClassTableViewCell.xib; sourceTree = "<group>"; };
		D5380D9C1AEA9B67004BCD90 /* OldClassTable.xib */ = {isa = PBXFileReference; fileEncoding = 4; lastKnownFileType = file.xib; path = OldClassTable.xib; sourceTree = "<group>"; };
		D5380D9D1AEA9B67004BCD90 /* OldClassTableView.h */ = {isa = PBXFileReference; fileEncoding = 4; lastKnownFileType = sourcecode.c.h; path = OldClassTableView.h; sourceTree = "<group>"; };
		D5380D9E1AEA9B67004BCD90 /* OldClassTableView.m */ = {isa = PBXFileReference; fileEncoding = 4; lastKnownFileType = sourcecode.c.objc; path = OldClassTableView.m; sourceTree = "<group>"; };
		D5380DA61AEA9B9A004BCD90 /* DayCourse.h */ = {isa = PBXFileReference; fileEncoding = 4; lastKnownFileType = sourcecode.c.h; path = DayCourse.h; sourceTree = "<group>"; };
		D5380DA71AEA9B9A004BCD90 /* DayCourse.m */ = {isa = PBXFileReference; fileEncoding = 4; lastKnownFileType = sourcecode.c.objc; path = DayCourse.m; sourceTree = "<group>"; };
		D5380DAA1AEA9C1E004BCD90 /* MJRefresh.bundle */ = {isa = PBXFileReference; lastKnownFileType = "wrapper.plug-in"; path = MJRefresh.bundle; sourceTree = "<group>"; };
		D5380DAB1AEA9C1E004BCD90 /* MJRefresh.h */ = {isa = PBXFileReference; fileEncoding = 4; lastKnownFileType = sourcecode.c.h; path = MJRefresh.h; sourceTree = "<group>"; };
		D5380DAC1AEA9C1E004BCD90 /* MJRefreshBaseView.h */ = {isa = PBXFileReference; fileEncoding = 4; lastKnownFileType = sourcecode.c.h; path = MJRefreshBaseView.h; sourceTree = "<group>"; };
		D5380DAD1AEA9C1E004BCD90 /* MJRefreshBaseView.m */ = {isa = PBXFileReference; fileEncoding = 4; lastKnownFileType = sourcecode.c.objc; path = MJRefreshBaseView.m; sourceTree = "<group>"; };
		D5380DAE1AEA9C1E004BCD90 /* MJRefreshConst.h */ = {isa = PBXFileReference; fileEncoding = 4; lastKnownFileType = sourcecode.c.h; path = MJRefreshConst.h; sourceTree = "<group>"; };
		D5380DAF1AEA9C1E004BCD90 /* MJRefreshConst.m */ = {isa = PBXFileReference; fileEncoding = 4; lastKnownFileType = sourcecode.c.objc; path = MJRefreshConst.m; sourceTree = "<group>"; };
		D5380DB01AEA9C1E004BCD90 /* MJRefreshFooterView.h */ = {isa = PBXFileReference; fileEncoding = 4; lastKnownFileType = sourcecode.c.h; path = MJRefreshFooterView.h; sourceTree = "<group>"; };
		D5380DB11AEA9C1E004BCD90 /* MJRefreshFooterView.m */ = {isa = PBXFileReference; fileEncoding = 4; lastKnownFileType = sourcecode.c.objc; path = MJRefreshFooterView.m; sourceTree = "<group>"; };
		D5380DB21AEA9C1E004BCD90 /* MJRefreshHeaderView.h */ = {isa = PBXFileReference; fileEncoding = 4; lastKnownFileType = sourcecode.c.h; path = MJRefreshHeaderView.h; sourceTree = "<group>"; };
		D5380DB31AEA9C1E004BCD90 /* MJRefreshHeaderView.m */ = {isa = PBXFileReference; fileEncoding = 4; lastKnownFileType = sourcecode.c.objc; path = MJRefreshHeaderView.m; sourceTree = "<group>"; };
		D5380DB41AEA9C1E004BCD90 /* UIScrollView+MJExtension.h */ = {isa = PBXFileReference; fileEncoding = 4; lastKnownFileType = sourcecode.c.h; path = "UIScrollView+MJExtension.h"; sourceTree = "<group>"; };
		D5380DB51AEA9C1E004BCD90 /* UIScrollView+MJExtension.m */ = {isa = PBXFileReference; fileEncoding = 4; lastKnownFileType = sourcecode.c.objc; path = "UIScrollView+MJExtension.m"; sourceTree = "<group>"; };
		D5380DB61AEA9C1E004BCD90 /* UIScrollView+MJRefresh.h */ = {isa = PBXFileReference; fileEncoding = 4; lastKnownFileType = sourcecode.c.h; path = "UIScrollView+MJRefresh.h"; sourceTree = "<group>"; };
		D5380DB71AEA9C1E004BCD90 /* UIScrollView+MJRefresh.m */ = {isa = PBXFileReference; fileEncoding = 4; lastKnownFileType = sourcecode.c.objc; path = "UIScrollView+MJRefresh.m"; sourceTree = "<group>"; };
		D5380DB81AEA9C1E004BCD90 /* UIView+MJExtension.h */ = {isa = PBXFileReference; fileEncoding = 4; lastKnownFileType = sourcecode.c.h; path = "UIView+MJExtension.h"; sourceTree = "<group>"; };
		D5380DB91AEA9C1E004BCD90 /* UIView+MJExtension.m */ = {isa = PBXFileReference; fileEncoding = 4; lastKnownFileType = sourcecode.c.objc; path = "UIView+MJExtension.m"; sourceTree = "<group>"; };
		D5380DC31AEA9D2B004BCD90 /* Common.h */ = {isa = PBXFileReference; fileEncoding = 4; lastKnownFileType = sourcecode.c.h; path = Common.h; sourceTree = "<group>"; };
		D5380DC41AEA9D2B004BCD90 /* LJDeviceTool.h */ = {isa = PBXFileReference; fileEncoding = 4; lastKnownFileType = sourcecode.c.h; path = LJDeviceTool.h; sourceTree = "<group>"; };
		D5380DC51AEA9D2B004BCD90 /* LJDeviceTool.m */ = {isa = PBXFileReference; fileEncoding = 4; lastKnownFileType = sourcecode.c.objc; path = LJDeviceTool.m; sourceTree = "<group>"; };
		D5380DC61AEA9D2B004BCD90 /* LJFileTool.h */ = {isa = PBXFileReference; fileEncoding = 4; lastKnownFileType = sourcecode.c.h; path = LJFileTool.h; sourceTree = "<group>"; };
		D5380DC71AEA9D2B004BCD90 /* LJFileTool.m */ = {isa = PBXFileReference; fileEncoding = 4; lastKnownFileType = sourcecode.c.objc; path = LJFileTool.m; sourceTree = "<group>"; };
		D5380DC81AEA9D2B004BCD90 /* LJHTTPTool.h */ = {isa = PBXFileReference; fileEncoding = 4; lastKnownFileType = sourcecode.c.h; path = LJHTTPTool.h; sourceTree = "<group>"; };
		D5380DC91AEA9D2B004BCD90 /* LJHTTPTool.m */ = {isa = PBXFileReference; fileEncoding = 4; lastKnownFileType = sourcecode.c.objc; path = LJHTTPTool.m; sourceTree = "<group>"; };
		D5380DCA1AEA9D2B004BCD90 /* LJTimeTool.h */ = {isa = PBXFileReference; fileEncoding = 4; lastKnownFileType = sourcecode.c.h; path = LJTimeTool.h; sourceTree = "<group>"; };
		D5380DCB1AEA9D2B004BCD90 /* LJTimeTool.m */ = {isa = PBXFileReference; fileEncoding = 4; lastKnownFileType = sourcecode.c.objc; path = LJTimeTool.m; sourceTree = "<group>"; };
		D5380DCC1AEA9D2B004BCD90 /* LJTools.h */ = {isa = PBXFileReference; fileEncoding = 4; lastKnownFileType = sourcecode.c.h; path = LJTools.h; sourceTree = "<group>"; };
		D5380DCD1AEA9D2B004BCD90 /* LJUITool.h */ = {isa = PBXFileReference; fileEncoding = 4; lastKnownFileType = sourcecode.c.h; path = LJUITool.h; sourceTree = "<group>"; };
		D5380DCE1AEA9D2B004BCD90 /* LJUITool.m */ = {isa = PBXFileReference; fileEncoding = 4; lastKnownFileType = sourcecode.c.objc; path = LJUITool.m; sourceTree = "<group>"; };
		D5380DD41AEA9D9F004BCD90 /* courses.plist */ = {isa = PBXFileReference; fileEncoding = 4; lastKnownFileType = text.plist.xml; path = courses.plist; sourceTree = "<group>"; };
		D5380DD71AEA9EFA004BCD90 /* MBProgressHUD+LJ.h */ = {isa = PBXFileReference; fileEncoding = 4; lastKnownFileType = sourcecode.c.h; path = "MBProgressHUD+LJ.h"; sourceTree = "<group>"; };
		D5380DD81AEA9EFA004BCD90 /* MBProgressHUD+LJ.m */ = {isa = PBXFileReference; fileEncoding = 4; lastKnownFileType = sourcecode.c.objc; path = "MBProgressHUD+LJ.m"; sourceTree = "<group>"; };
		D5380DD91AEA9EFA004BCD90 /* MBProgressHUD.bundle */ = {isa = PBXFileReference; lastKnownFileType = "wrapper.plug-in"; path = MBProgressHUD.bundle; sourceTree = "<group>"; };
		D5380DDA1AEA9EFA004BCD90 /* MBProgressHUD.h */ = {isa = PBXFileReference; fileEncoding = 4; lastKnownFileType = sourcecode.c.h; path = MBProgressHUD.h; sourceTree = "<group>"; };
		D5380DDB1AEA9EFA004BCD90 /* MBProgressHUD.m */ = {isa = PBXFileReference; fileEncoding = 4; lastKnownFileType = sourcecode.c.objc; path = MBProgressHUD.m; sourceTree = "<group>"; };
		D5380DE01AEA9F96004BCD90 /* AFHTTPRequestOperation.h */ = {isa = PBXFileReference; fileEncoding = 4; lastKnownFileType = sourcecode.c.h; path = AFHTTPRequestOperation.h; sourceTree = "<group>"; };
		D5380DE11AEA9F96004BCD90 /* AFHTTPRequestOperation.m */ = {isa = PBXFileReference; fileEncoding = 4; lastKnownFileType = sourcecode.c.objc; path = AFHTTPRequestOperation.m; sourceTree = "<group>"; };
		D5380DE21AEA9F96004BCD90 /* AFHTTPRequestOperationManager.h */ = {isa = PBXFileReference; fileEncoding = 4; lastKnownFileType = sourcecode.c.h; path = AFHTTPRequestOperationManager.h; sourceTree = "<group>"; };
		D5380DE31AEA9F96004BCD90 /* AFHTTPRequestOperationManager.m */ = {isa = PBXFileReference; fileEncoding = 4; lastKnownFileType = sourcecode.c.objc; path = AFHTTPRequestOperationManager.m; sourceTree = "<group>"; };
		D5380DE41AEA9F96004BCD90 /* AFHTTPSessionManager.h */ = {isa = PBXFileReference; fileEncoding = 4; lastKnownFileType = sourcecode.c.h; path = AFHTTPSessionManager.h; sourceTree = "<group>"; };
		D5380DE51AEA9F96004BCD90 /* AFHTTPSessionManager.m */ = {isa = PBXFileReference; fileEncoding = 4; lastKnownFileType = sourcecode.c.objc; path = AFHTTPSessionManager.m; sourceTree = "<group>"; };
		D5380DE61AEA9F96004BCD90 /* AFNetworking.h */ = {isa = PBXFileReference; fileEncoding = 4; lastKnownFileType = sourcecode.c.h; path = AFNetworking.h; sourceTree = "<group>"; };
		D5380DE71AEA9F96004BCD90 /* AFNetworkReachabilityManager.h */ = {isa = PBXFileReference; fileEncoding = 4; lastKnownFileType = sourcecode.c.h; path = AFNetworkReachabilityManager.h; sourceTree = "<group>"; };
		D5380DE81AEA9F96004BCD90 /* AFNetworkReachabilityManager.m */ = {isa = PBXFileReference; fileEncoding = 4; lastKnownFileType = sourcecode.c.objc; path = AFNetworkReachabilityManager.m; sourceTree = "<group>"; };
		D5380DE91AEA9F96004BCD90 /* AFSecurityPolicy.h */ = {isa = PBXFileReference; fileEncoding = 4; lastKnownFileType = sourcecode.c.h; path = AFSecurityPolicy.h; sourceTree = "<group>"; };
		D5380DEA1AEA9F96004BCD90 /* AFSecurityPolicy.m */ = {isa = PBXFileReference; fileEncoding = 4; lastKnownFileType = sourcecode.c.objc; path = AFSecurityPolicy.m; sourceTree = "<group>"; };
		D5380DEB1AEA9F96004BCD90 /* AFURLConnectionOperation.h */ = {isa = PBXFileReference; fileEncoding = 4; lastKnownFileType = sourcecode.c.h; path = AFURLConnectionOperation.h; sourceTree = "<group>"; };
		D5380DEC1AEA9F96004BCD90 /* AFURLConnectionOperation.m */ = {isa = PBXFileReference; fileEncoding = 4; lastKnownFileType = sourcecode.c.objc; path = AFURLConnectionOperation.m; sourceTree = "<group>"; };
		D5380DED1AEA9F96004BCD90 /* AFURLRequestSerialization.h */ = {isa = PBXFileReference; fileEncoding = 4; lastKnownFileType = sourcecode.c.h; path = AFURLRequestSerialization.h; sourceTree = "<group>"; };
		D5380DEE1AEA9F96004BCD90 /* AFURLRequestSerialization.m */ = {isa = PBXFileReference; fileEncoding = 4; lastKnownFileType = sourcecode.c.objc; path = AFURLRequestSerialization.m; sourceTree = "<group>"; };
		D5380DEF1AEA9F96004BCD90 /* AFURLResponseSerialization.h */ = {isa = PBXFileReference; fileEncoding = 4; lastKnownFileType = sourcecode.c.h; path = AFURLResponseSerialization.h; sourceTree = "<group>"; };
		D5380DF01AEA9F96004BCD90 /* AFURLResponseSerialization.m */ = {isa = PBXFileReference; fileEncoding = 4; lastKnownFileType = sourcecode.c.objc; path = AFURLResponseSerialization.m; sourceTree = "<group>"; };
		D5380DF11AEA9F96004BCD90 /* AFURLSessionManager.h */ = {isa = PBXFileReference; fileEncoding = 4; lastKnownFileType = sourcecode.c.h; path = AFURLSessionManager.h; sourceTree = "<group>"; };
		D5380DF21AEA9F96004BCD90 /* AFURLSessionManager.m */ = {isa = PBXFileReference; fileEncoding = 4; lastKnownFileType = sourcecode.c.objc; path = AFURLSessionManager.m; sourceTree = "<group>"; };
/* End PBXFileReference section */

/* Begin PBXFrameworksBuildPhase section */
		D5380D621AEA99F6004BCD90 /* Frameworks */ = {
			isa = PBXFrameworksBuildPhase;
			buildActionMask = 2147483647;
			files = (
				D5380D8F1AEA9A9D004BCD90 /* QuartzCore.framework in Frameworks */,
			);
			runOnlyForDeploymentPostprocessing = 0;
		};
		D5380D7B1AEA99F6004BCD90 /* Frameworks */ = {
			isa = PBXFrameworksBuildPhase;
			buildActionMask = 2147483647;
			files = (
			);
			runOnlyForDeploymentPostprocessing = 0;
		};
/* End PBXFrameworksBuildPhase section */

/* Begin PBXGroup section */
		D5380D5C1AEA99F6004BCD90 = {
			isa = PBXGroup;
			children = (
				D5380D671AEA99F6004BCD90 /* class-timetable */,
				D5380D811AEA99F6004BCD90 /* class-timetableTests */,
				D5380D661AEA99F6004BCD90 /* Products */,
			);
			sourceTree = "<group>";
		};
		D5380D661AEA99F6004BCD90 /* Products */ = {
			isa = PBXGroup;
			children = (
				D5380D651AEA99F6004BCD90 /* class-timetable.app */,
				D5380D7E1AEA99F6004BCD90 /* class-timetableTests.xctest */,
			);
			name = Products;
			sourceTree = "<group>";
		};
		D5380D671AEA99F6004BCD90 /* class-timetable */ = {
			isa = PBXGroup;
			children = (
				D5380DD41AEA9D9F004BCD90 /* courses.plist */,
				D5380DA51AEA9B8A004BCD90 /* Model */,
				D5380D951AEA9B57004BCD90 /* Controller */,
				D5380D941AEA9B51004BCD90 /* View */,
				D5380D721AEA99F6004BCD90 /* Main.storyboard */,
				D5380D681AEA99F6004BCD90 /* Supporting Files */,
			);
			path = "class-timetable";
			sourceTree = "<group>";
		};
		D5380D681AEA99F6004BCD90 /* Supporting Files */ = {
			isa = PBXGroup;
			children = (
				D5380DDF1AEA9F96004BCD90 /* AFNetworking */,
				D5380DD61AEA9EFA004BCD90 /* MBProgressHUD */,
				D5380DC21AEA9D2B004BCD90 /* Tools */,
				D5380DA91AEA9C1E004BCD90 /* MJRefresh */,
				D5380D901AEA9ADB004BCD90 /* iCarousel */,
				D5380D8E1AEA9A9D004BCD90 /* QuartzCore.framework */,
				D5380D6C1AEA99F6004BCD90 /* AppDelegate.h */,
				D5380D6D1AEA99F6004BCD90 /* AppDelegate.m */,
				D5380D751AEA99F6004BCD90 /* Images.xcassets */,
				D5380D771AEA99F6004BCD90 /* LaunchScreen.xib */,
				D5380D691AEA99F6004BCD90 /* Info.plist */,
				D5380D6A1AEA99F6004BCD90 /* main.m */,
			);
			name = "Supporting Files";
			sourceTree = "<group>";
		};
		D5380D811AEA99F6004BCD90 /* class-timetableTests */ = {
			isa = PBXGroup;
			children = (
				D5380D841AEA99F6004BCD90 /* class_timetableTests.m */,
				D5380D821AEA99F6004BCD90 /* Supporting Files */,
			);
			path = "class-timetableTests";
			sourceTree = "<group>";
		};
		D5380D821AEA99F6004BCD90 /* Supporting Files */ = {
			isa = PBXGroup;
			children = (
				D5380D831AEA99F6004BCD90 /* Info.plist */,
			);
			name = "Supporting Files";
			sourceTree = "<group>";
		};
		D5380D901AEA9ADB004BCD90 /* iCarousel */ = {
			isa = PBXGroup;
			children = (
				D5380D911AEA9ADB004BCD90 /* iCarousel.h */,
				D5380D921AEA9ADB004BCD90 /* iCarousel.m */,
			);
			path = iCarousel;
			sourceTree = "<group>";
		};
		D5380D941AEA9B51004BCD90 /* View */ = {
			isa = PBXGroup;
			children = (
				D5380D961AEA9B67004BCD90 /* DayClassTableViewCell.h */,
				D5380D971AEA9B67004BCD90 /* DayClassTableViewCell.m */,
				D5380D981AEA9B67004BCD90 /* DayClassTableViewCell.xib */,
				D5380D991AEA9B67004BCD90 /* NightClassTableViewCell.h */,
				D5380D9A1AEA9B67004BCD90 /* NightClassTableViewCell.m */,
				D5380D9B1AEA9B67004BCD90 /* NightClassTableViewCell.xib */,
				D5380D9C1AEA9B67004BCD90 /* OldClassTable.xib */,
				D5380D9D1AEA9B67004BCD90 /* OldClassTableView.h */,
				D5380D9E1AEA9B67004BCD90 /* OldClassTableView.m */,
			);
			name = View;
			sourceTree = "<group>";
		};
		D5380D951AEA9B57004BCD90 /* Controller */ = {
			isa = PBXGroup;
			children = (
				D5380D6F1AEA99F6004BCD90 /* ViewController.h */,
				D5380D701AEA99F6004BCD90 /* ViewController.m */,
			);
			name = Controller;
			sourceTree = "<group>";
		};
		D5380DA51AEA9B8A004BCD90 /* Model */ = {
			isa = PBXGroup;
			children = (
				D5380DA61AEA9B9A004BCD90 /* DayCourse.h */,
				D5380DA71AEA9B9A004BCD90 /* DayCourse.m */,
			);
			name = Model;
			sourceTree = "<group>";
		};
		D5380DA91AEA9C1E004BCD90 /* MJRefresh */ = {
			isa = PBXGroup;
			children = (
				D5380DAA1AEA9C1E004BCD90 /* MJRefresh.bundle */,
				D5380DAB1AEA9C1E004BCD90 /* MJRefresh.h */,
				D5380DAC1AEA9C1E004BCD90 /* MJRefreshBaseView.h */,
				D5380DAD1AEA9C1E004BCD90 /* MJRefreshBaseView.m */,
				D5380DAE1AEA9C1E004BCD90 /* MJRefreshConst.h */,
				D5380DAF1AEA9C1E004BCD90 /* MJRefreshConst.m */,
				D5380DB01AEA9C1E004BCD90 /* MJRefreshFooterView.h */,
				D5380DB11AEA9C1E004BCD90 /* MJRefreshFooterView.m */,
				D5380DB21AEA9C1E004BCD90 /* MJRefreshHeaderView.h */,
				D5380DB31AEA9C1E004BCD90 /* MJRefreshHeaderView.m */,
				D5380DB41AEA9C1E004BCD90 /* UIScrollView+MJExtension.h */,
				D5380DB51AEA9C1E004BCD90 /* UIScrollView+MJExtension.m */,
				D5380DB61AEA9C1E004BCD90 /* UIScrollView+MJRefresh.h */,
				D5380DB71AEA9C1E004BCD90 /* UIScrollView+MJRefresh.m */,
				D5380DB81AEA9C1E004BCD90 /* UIView+MJExtension.h */,
				D5380DB91AEA9C1E004BCD90 /* UIView+MJExtension.m */,
			);
			path = MJRefresh;
			sourceTree = "<group>";
		};
		D5380DC21AEA9D2B004BCD90 /* Tools */ = {
			isa = PBXGroup;
			children = (
				D5380DC31AEA9D2B004BCD90 /* Common.h */,
				D5380DC41AEA9D2B004BCD90 /* LJDeviceTool.h */,
				D5380DC51AEA9D2B004BCD90 /* LJDeviceTool.m */,
				D5380DC61AEA9D2B004BCD90 /* LJFileTool.h */,
				D5380DC71AEA9D2B004BCD90 /* LJFileTool.m */,
				D5380DC81AEA9D2B004BCD90 /* LJHTTPTool.h */,
				D5380DC91AEA9D2B004BCD90 /* LJHTTPTool.m */,
				D5380DCA1AEA9D2B004BCD90 /* LJTimeTool.h */,
				D5380DCB1AEA9D2B004BCD90 /* LJTimeTool.m */,
				D5380DCC1AEA9D2B004BCD90 /* LJTools.h */,
				D5380DCD1AEA9D2B004BCD90 /* LJUITool.h */,
				D5380DCE1AEA9D2B004BCD90 /* LJUITool.m */,
			);
			path = Tools;
			sourceTree = "<group>";
		};
		D5380DD61AEA9EFA004BCD90 /* MBProgressHUD */ = {
			isa = PBXGroup;
			children = (
				D5380DD71AEA9EFA004BCD90 /* MBProgressHUD+LJ.h */,
				D5380DD81AEA9EFA004BCD90 /* MBProgressHUD+LJ.m */,
				D5380DD91AEA9EFA004BCD90 /* MBProgressHUD.bundle */,
				D5380DDA1AEA9EFA004BCD90 /* MBProgressHUD.h */,
				D5380DDB1AEA9EFA004BCD90 /* MBProgressHUD.m */,
			);
			path = MBProgressHUD;
			sourceTree = "<group>";
		};
		D5380DDF1AEA9F96004BCD90 /* AFNetworking */ = {
			isa = PBXGroup;
			children = (
				D5380DE01AEA9F96004BCD90 /* AFHTTPRequestOperation.h */,
				D5380DE11AEA9F96004BCD90 /* AFHTTPRequestOperation.m */,
				D5380DE21AEA9F96004BCD90 /* AFHTTPRequestOperationManager.h */,
				D5380DE31AEA9F96004BCD90 /* AFHTTPRequestOperationManager.m */,
				D5380DE41AEA9F96004BCD90 /* AFHTTPSessionManager.h */,
				D5380DE51AEA9F96004BCD90 /* AFHTTPSessionManager.m */,
				D5380DE61AEA9F96004BCD90 /* AFNetworking.h */,
				D5380DE71AEA9F96004BCD90 /* AFNetworkReachabilityManager.h */,
				D5380DE81AEA9F96004BCD90 /* AFNetworkReachabilityManager.m */,
				D5380DE91AEA9F96004BCD90 /* AFSecurityPolicy.h */,
				D5380DEA1AEA9F96004BCD90 /* AFSecurityPolicy.m */,
				D5380DEB1AEA9F96004BCD90 /* AFURLConnectionOperation.h */,
				D5380DEC1AEA9F96004BCD90 /* AFURLConnectionOperation.m */,
				D5380DED1AEA9F96004BCD90 /* AFURLRequestSerialization.h */,
				D5380DEE1AEA9F96004BCD90 /* AFURLRequestSerialization.m */,
				D5380DEF1AEA9F96004BCD90 /* AFURLResponseSerialization.h */,
				D5380DF01AEA9F96004BCD90 /* AFURLResponseSerialization.m */,
				D5380DF11AEA9F96004BCD90 /* AFURLSessionManager.h */,
				D5380DF21AEA9F96004BCD90 /* AFURLSessionManager.m */,
			);
			path = AFNetworking;
			sourceTree = "<group>";
		};
/* End PBXGroup section */

/* Begin PBXNativeTarget section */
		D5380D641AEA99F6004BCD90 /* class-timetable */ = {
			isa = PBXNativeTarget;
			buildConfigurationList = D5380D881AEA99F6004BCD90 /* Build configuration list for PBXNativeTarget "class-timetable" */;
			buildPhases = (
				D5380D611AEA99F6004BCD90 /* Sources */,
				D5380D621AEA99F6004BCD90 /* Frameworks */,
				D5380D631AEA99F6004BCD90 /* Resources */,
			);
			buildRules = (
			);
			dependencies = (
			);
			name = "class-timetable";
			productName = "class-timetable";
			productReference = D5380D651AEA99F6004BCD90 /* class-timetable.app */;
			productType = "com.apple.product-type.application";
		};
		D5380D7D1AEA99F6004BCD90 /* class-timetableTests */ = {
			isa = PBXNativeTarget;
			buildConfigurationList = D5380D8B1AEA99F6004BCD90 /* Build configuration list for PBXNativeTarget "class-timetableTests" */;
			buildPhases = (
				D5380D7A1AEA99F6004BCD90 /* Sources */,
				D5380D7B1AEA99F6004BCD90 /* Frameworks */,
				D5380D7C1AEA99F6004BCD90 /* Resources */,
			);
			buildRules = (
			);
			dependencies = (
				D5380D801AEA99F6004BCD90 /* PBXTargetDependency */,
			);
			name = "class-timetableTests";
			productName = "class-timetableTests";
			productReference = D5380D7E1AEA99F6004BCD90 /* class-timetableTests.xctest */;
			productType = "com.apple.product-type.bundle.unit-test";
		};
/* End PBXNativeTarget section */

/* Begin PBXProject section */
		D5380D5D1AEA99F6004BCD90 /* Project object */ = {
			isa = PBXProject;
			attributes = {
				LastUpgradeCheck = 0630;
				ORGANIZATIONNAME = PUPBOSS.;
				TargetAttributes = {
					D5380D641AEA99F6004BCD90 = {
						CreatedOnToolsVersion = 6.3.1;
					};
					D5380D7D1AEA99F6004BCD90 = {
						CreatedOnToolsVersion = 6.3.1;
						TestTargetID = D5380D641AEA99F6004BCD90;
					};
				};
			};
			buildConfigurationList = D5380D601AEA99F6004BCD90 /* Build configuration list for PBXProject "class-timetable" */;
			compatibilityVersion = "Xcode 3.2";
			developmentRegion = English;
			hasScannedForEncodings = 0;
			knownRegions = (
				en,
				Base,
			);
			mainGroup = D5380D5C1AEA99F6004BCD90;
			productRefGroup = D5380D661AEA99F6004BCD90 /* Products */;
			projectDirPath = "";
			projectRoot = "";
			targets = (
				D5380D641AEA99F6004BCD90 /* class-timetable */,
				D5380D7D1AEA99F6004BCD90 /* class-timetableTests */,
			);
		};
/* End PBXProject section */

/* Begin PBXResourcesBuildPhase section */
		D5380D631AEA99F6004BCD90 /* Resources */ = {
			isa = PBXResourcesBuildPhase;
			buildActionMask = 2147483647;
			files = (
				D5380D741AEA99F6004BCD90 /* Main.storyboard in Resources */,
				D5380DA01AEA9B67004BCD90 /* DayClassTableViewCell.xib in Resources */,
				D5380DBA1AEA9C1E004BCD90 /* MJRefresh.bundle in Resources */,
				D5380DD51AEA9D9F004BCD90 /* courses.plist in Resources */,
				D5380D791AEA99F6004BCD90 /* LaunchScreen.xib in Resources */,
				D5380DDD1AEA9EFA004BCD90 /* MBProgressHUD.bundle in Resources */,
				D5380D761AEA99F6004BCD90 /* Images.xcassets in Resources */,
				D5380DA21AEA9B67004BCD90 /* NightClassTableViewCell.xib in Resources */,
				D5380DA31AEA9B67004BCD90 /* OldClassTable.xib in Resources */,
			);
			runOnlyForDeploymentPostprocessing = 0;
		};
		D5380D7C1AEA99F6004BCD90 /* Resources */ = {
			isa = PBXResourcesBuildPhase;
			buildActionMask = 2147483647;
			files = (
			);
			runOnlyForDeploymentPostprocessing = 0;
		};
/* End PBXResourcesBuildPhase section */

/* Begin PBXSourcesBuildPhase section */
		D5380D611AEA99F6004BCD90 /* Sources */ = {
			isa = PBXSourcesBuildPhase;
			buildActionMask = 2147483647;
			files = (
				D5380DF81AEA9F96004BCD90 /* AFURLConnectionOperation.m in Sources */,
				D5380DBD1AEA9C1E004BCD90 /* MJRefreshFooterView.m in Sources */,
				D5380DC11AEA9C1E004BCD90 /* UIView+MJExtension.m in Sources */,
				D5380DF31AEA9F96004BCD90 /* AFHTTPRequestOperation.m in Sources */,
				D5380DFA1AEA9F96004BCD90 /* AFURLResponseSerialization.m in Sources */,
				D5380DBF1AEA9C1E004BCD90 /* UIScrollView+MJExtension.m in Sources */,
				D5380DD31AEA9D2B004BCD90 /* LJUITool.m in Sources */,
				D5380D711AEA99F6004BCD90 /* ViewController.m in Sources */,
				D5380DA11AEA9B67004BCD90 /* NightClassTableViewCell.m in Sources */,
				D5380DD01AEA9D2B004BCD90 /* LJFileTool.m in Sources */,
				D5380DC01AEA9C1E004BCD90 /* UIScrollView+MJRefresh.m in Sources */,
				D5380D9F1AEA9B67004BCD90 /* DayClassTableViewCell.m in Sources */,
				D5380DF71AEA9F96004BCD90 /* AFSecurityPolicy.m in Sources */,
				D5380DFB1AEA9F96004BCD90 /* AFURLSessionManager.m in Sources */,
				D5380D931AEA9ADB004BCD90 /* iCarousel.m in Sources */,
				D5380DBC1AEA9C1E004BCD90 /* MJRefreshConst.m in Sources */,
				D5380DF51AEA9F96004BCD90 /* AFHTTPSessionManager.m in Sources */,
				D5380DBE1AEA9C1E004BCD90 /* MJRefreshHeaderView.m in Sources */,
				D5380DF61AEA9F96004BCD90 /* AFNetworkReachabilityManager.m in Sources */,
				D5380D6E1AEA99F6004BCD90 /* AppDelegate.m in Sources */,
				D5380DF41AEA9F96004BCD90 /* AFHTTPRequestOperationManager.m in Sources */,
				D5380DF91AEA9F96004BCD90 /* AFURLRequestSerialization.m in Sources */,
				D5380DD21AEA9D2B004BCD90 /* LJTimeTool.m in Sources */,
				D5380DA81AEA9B9A004BCD90 /* DayCourse.m in Sources */,
				D5380DDE1AEA9EFA004BCD90 /* MBProgressHUD.m in Sources */,
				D5380DBB1AEA9C1E004BCD90 /* MJRefreshBaseView.m in Sources */,
				D5380DCF1AEA9D2B004BCD90 /* LJDeviceTool.m in Sources */,
				D5380DA41AEA9B67004BCD90 /* OldClassTableView.m in Sources */,
				D5380D6B1AEA99F6004BCD90 /* main.m in Sources */,
				D5380DD11AEA9D2B004BCD90 /* LJHTTPTool.m in Sources */,
				D5380DDC1AEA9EFA004BCD90 /* MBProgressHUD+LJ.m in Sources */,
			);
			runOnlyForDeploymentPostprocessing = 0;
		};
		D5380D7A1AEA99F6004BCD90 /* Sources */ = {
			isa = PBXSourcesBuildPhase;
			buildActionMask = 2147483647;
			files = (
				D5380D851AEA99F6004BCD90 /* class_timetableTests.m in Sources */,
			);
			runOnlyForDeploymentPostprocessing = 0;
		};
/* End PBXSourcesBuildPhase section */

/* Begin PBXTargetDependency section */
		D5380D801AEA99F6004BCD90 /* PBXTargetDependency */ = {
			isa = PBXTargetDependency;
			target = D5380D641AEA99F6004BCD90 /* class-timetable */;
			targetProxy = D5380D7F1AEA99F6004BCD90 /* PBXContainerItemProxy */;
		};
/* End PBXTargetDependency section */

/* Begin PBXVariantGroup section */
		D5380D721AEA99F6004BCD90 /* Main.storyboard */ = {
			isa = PBXVariantGroup;
			children = (
				D5380D731AEA99F6004BCD90 /* Base */,
			);
			name = Main.storyboard;
			sourceTree = "<group>";
		};
		D5380D771AEA99F6004BCD90 /* LaunchScreen.xib */ = {
			isa = PBXVariantGroup;
			children = (
				D5380D781AEA99F6004BCD90 /* Base */,
			);
			name = LaunchScreen.xib;
			sourceTree = "<group>";
		};
/* End PBXVariantGroup section */

/* Begin XCBuildConfiguration section */
		D5380D861AEA99F6004BCD90 /* Debug */ = {
			isa = XCBuildConfiguration;
			buildSettings = {
				ALWAYS_SEARCH_USER_PATHS = NO;
				CLANG_CXX_LANGUAGE_STANDARD = "gnu++0x";
				CLANG_CXX_LIBRARY = "libc++";
				CLANG_ENABLE_MODULES = YES;
				CLANG_ENABLE_OBJC_ARC = YES;
				CLANG_WARN_BOOL_CONVERSION = YES;
				CLANG_WARN_CONSTANT_CONVERSION = YES;
				CLANG_WARN_DIRECT_OBJC_ISA_USAGE = YES_ERROR;
				CLANG_WARN_EMPTY_BODY = YES;
				CLANG_WARN_ENUM_CONVERSION = YES;
				CLANG_WARN_INT_CONVERSION = YES;
				CLANG_WARN_OBJC_ROOT_CLASS = YES_ERROR;
				CLANG_WARN_UNREACHABLE_CODE = YES;
				CLANG_WARN__DUPLICATE_METHOD_MATCH = YES;
				"CODE_SIGN_IDENTITY[sdk=iphoneos*]" = "iPhone Developer";
				COPY_PHASE_STRIP = NO;
				DEBUG_INFORMATION_FORMAT = "dwarf-with-dsym";
				ENABLE_STRICT_OBJC_MSGSEND = YES;
				GCC_C_LANGUAGE_STANDARD = gnu99;
				GCC_DYNAMIC_NO_PIC = NO;
				GCC_NO_COMMON_BLOCKS = YES;
				GCC_OPTIMIZATION_LEVEL = 0;
				GCC_PREPROCESSOR_DEFINITIONS = (
					"DEBUG=1",
					"$(inherited)",
				);
				GCC_SYMBOLS_PRIVATE_EXTERN = NO;
				GCC_WARN_64_TO_32_BIT_CONVERSION = YES;
				GCC_WARN_ABOUT_RETURN_TYPE = YES_ERROR;
				GCC_WARN_UNDECLARED_SELECTOR = YES;
				GCC_WARN_UNINITIALIZED_AUTOS = YES_AGGRESSIVE;
				GCC_WARN_UNUSED_FUNCTION = YES;
				GCC_WARN_UNUSED_VARIABLE = YES;
				IPHONEOS_DEPLOYMENT_TARGET = 7.0;
				MTL_ENABLE_DEBUG_INFO = YES;
				ONLY_ACTIVE_ARCH = YES;
				SDKROOT = iphoneos;
			};
			name = Debug;
		};
		D5380D871AEA99F6004BCD90 /* Release */ = {
			isa = XCBuildConfiguration;
			buildSettings = {
				ALWAYS_SEARCH_USER_PATHS = NO;
				CLANG_CXX_LANGUAGE_STANDARD = "gnu++0x";
				CLANG_CXX_LIBRARY = "libc++";
				CLANG_ENABLE_MODULES = YES;
				CLANG_ENABLE_OBJC_ARC = YES;
				CLANG_WARN_BOOL_CONVERSION = YES;
				CLANG_WARN_CONSTANT_CONVERSION = YES;
				CLANG_WARN_DIRECT_OBJC_ISA_USAGE = YES_ERROR;
				CLANG_WARN_EMPTY_BODY = YES;
				CLANG_WARN_ENUM_CONVERSION = YES;
				CLANG_WARN_INT_CONVERSION = YES;
				CLANG_WARN_OBJC_ROOT_CLASS = YES_ERROR;
				CLANG_WARN_UNREACHABLE_CODE = YES;
				CLANG_WARN__DUPLICATE_METHOD_MATCH = YES;
				"CODE_SIGN_IDENTITY[sdk=iphoneos*]" = "iPhone Developer";
				COPY_PHASE_STRIP = NO;
				DEBUG_INFORMATION_FORMAT = "dwarf-with-dsym";
				ENABLE_NS_ASSERTIONS = NO;
				ENABLE_STRICT_OBJC_MSGSEND = YES;
				GCC_C_LANGUAGE_STANDARD = gnu99;
				GCC_NO_COMMON_BLOCKS = YES;
				GCC_WARN_64_TO_32_BIT_CONVERSION = YES;
				GCC_WARN_ABOUT_RETURN_TYPE = YES_ERROR;
				GCC_WARN_UNDECLARED_SELECTOR = YES;
				GCC_WARN_UNINITIALIZED_AUTOS = YES_AGGRESSIVE;
				GCC_WARN_UNUSED_FUNCTION = YES;
				GCC_WARN_UNUSED_VARIABLE = YES;
				IPHONEOS_DEPLOYMENT_TARGET = 7.0;
				MTL_ENABLE_DEBUG_INFO = NO;
				SDKROOT = iphoneos;
				VALIDATE_PRODUCT = YES;
			};
			name = Release;
		};
		D5380D891AEA99F6004BCD90 /* Debug */ = {
			isa = XCBuildConfiguration;
			buildSettings = {
				ASSETCATALOG_COMPILER_APPICON_NAME = AppIcon;
				INFOPLIST_FILE = "class-timetable/Info.plist";
				IPHONEOS_DEPLOYMENT_TARGET = 7.0;
				LD_RUNPATH_SEARCH_PATHS = "$(inherited) @executable_path/Frameworks";
				PRODUCT_NAME = "$(TARGET_NAME)";
			};
			name = Debug;
		};
		D5380D8A1AEA99F6004BCD90 /* Release */ = {
			isa = XCBuildConfiguration;
			buildSettings = {
				ASSETCATALOG_COMPILER_APPICON_NAME = AppIcon;
				INFOPLIST_FILE = "class-timetable/Info.plist";
				IPHONEOS_DEPLOYMENT_TARGET = 7.0;
				LD_RUNPATH_SEARCH_PATHS = "$(inherited) @executable_path/Frameworks";
				PRODUCT_NAME = "$(TARGET_NAME)";
			};
			name = Release;
		};
		D5380D8C1AEA99F6004BCD90 /* Debug */ = {
			isa = XCBuildConfiguration;
			buildSettings = {
				BUNDLE_LOADER = "$(TEST_HOST)";
				FRAMEWORK_SEARCH_PATHS = (
					"$(SDKROOT)/Developer/Library/Frameworks",
					"$(inherited)",
				);
				GCC_PREPROCESSOR_DEFINITIONS = (
					"DEBUG=1",
					"$(inherited)",
				);
				INFOPLIST_FILE = "class-timetableTests/Info.plist";
				LD_RUNPATH_SEARCH_PATHS = "$(inherited) @executable_path/Frameworks @loader_path/Frameworks";
				PRODUCT_NAME = "$(TARGET_NAME)";
				TEST_HOST = "$(BUILT_PRODUCTS_DIR)/class-timetable.app/class-timetable";
			};
			name = Debug;
		};
		D5380D8D1AEA99F6004BCD90 /* Release */ = {
			isa = XCBuildConfiguration;
			buildSettings = {
				BUNDLE_LOADER = "$(TEST_HOST)";
				FRAMEWORK_SEARCH_PATHS = (
					"$(SDKROOT)/Developer/Library/Frameworks",
					"$(inherited)",
				);
				INFOPLIST_FILE = "class-timetableTests/Info.plist";
				LD_RUNPATH_SEARCH_PATHS = "$(inherited) @executable_path/Frameworks @loader_path/Frameworks";
				PRODUCT_NAME = "$(TARGET_NAME)";
				TEST_HOST = "$(BUILT_PRODUCTS_DIR)/class-timetable.app/class-timetable";
			};
			name = Release;
		};
/* End XCBuildConfiguration section */

/* Begin XCConfigurationList section */
		D5380D601AEA99F6004BCD90 /* Build configuration list for PBXProject "class-timetable" */ = {
			isa = XCConfigurationList;
			buildConfigurations = (
				D5380D861AEA99F6004BCD90 /* Debug */,
				D5380D871AEA99F6004BCD90 /* Release */,
			);
			defaultConfigurationIsVisible = 0;
			defaultConfigurationName = Release;
		};
		D5380D881AEA99F6004BCD90 /* Build configuration list for PBXNativeTarget "class-timetable" */ = {
			isa = XCConfigurationList;
			buildConfigurations = (
				D5380D891AEA99F6004BCD90 /* Debug */,
				D5380D8A1AEA99F6004BCD90 /* Release */,
			);
			defaultConfigurationIsVisible = 0;
		};
		D5380D8B1AEA99F6004BCD90 /* Build configuration list for PBXNativeTarget "class-timetableTests" */ = {
			isa = XCConfigurationList;
			buildConfigurations = (
				D5380D8C1AEA99F6004BCD90 /* Debug */,
				D5380D8D1AEA99F6004BCD90 /* Release */,
			);
			defaultConfigurationIsVisible = 0;
		};
/* End XCConfigurationList section */
	};
	rootObject = D5380D5D1AEA99F6004BCD90 /* Project object */;
}
